{
  "name": "challenge2019",
  "lockfileVersion": 2,
  "requires": true,
  "packages": {
    "": {
      "dependencies": {
        "csv-reader": "^1.0.10"
      }
    },
    "node_modules/csv-reader": {
      "version": "1.0.10",
      "resolved": "https://registry.npmjs.org/csv-reader/-/csv-reader-1.0.10.tgz",
      "integrity": "sha512-4IgSQSwu/dCRjnrz+BnNe5LZiAHa2sOhccROI0r1gB1FW38Fl/k7Zx0jN3o77e4PTgd9T0cp1mgsD1esJNK+tQ==",
      "engines": {
        "node": ">=8.0.0"
      }
    }
  },
  "dependencies": {
    "csv-reader": {
      "version": "1.0.10",
      "resolved": "https://registry.npmjs.org/csv-reader/-/csv-reader-1.0.10.tgz",
      "integrity": "sha512-4IgSQSwu/dCRjnrz+BnNe5LZiAHa2sOhccROI0r1gB1FW38Fl/k7Zx0jN3o77e4PTgd9T0cp1mgsD1esJNK+tQ=="
    }
  }
}
